
Microsoft Visual Studio Solution File, Format Version 12.00
# Visual Studio 15
VisualStudioVersion = 15.0.27428.2005
MinimumVisualStudioVersion = 10.0.40219.1
Project("{9A19103F-16F7-4668-BE54-9A1E7A4F7556}") = "GeneticInvestor.Console", "GeneticInvestor.Console\GeneticInvestor.Console.csproj", "{2A649D86-C7BF-42F6-A871-6CCA2F92C305}"
EndProject
Project("{9A19103F-16F7-4668-BE54-9A1E7A4F7556}") = "GeneticInvestor.Data", "GeneticInvestor.Data\GeneticInvestor.Data.csproj", "{10A8C9B9-57A9-4DC8-A439-A7851E785E9B}"
EndProject
Project("{FAE04EC0-301F-11D3-BF4B-00C04F79EFBC}") = "GeneticInvestor.Core", "GeneticInvestor.Core\GeneticInvestor.Core.csproj", "{2651EEF5-D5AE-437B-A6E1-715F02966DD8}"
EndProject
Global
	GlobalSection(SolutionConfigurationPlatforms) = preSolution
		Debug|Any CPU = Debug|Any CPU
		Release|Any CPU = Release|Any CPU
	EndGlobalSection
	GlobalSection(ProjectConfigurationPlatforms) = postSolution
		{2A649D86-C7BF-42F6-A871-6CCA2F92C305}.Debug|Any CPU.ActiveCfg = Debug|Any CPU
		{2A649D86-C7BF-42F6-A871-6CCA2F92C305}.Debug|Any CPU.Build.0 = Debug|Any CPU
		{2A649D86-C7BF-42F6-A871-6CCA2F92C305}.Release|Any CPU.ActiveCfg = Release|Any CPU
		{2A649D86-C7BF-42F6-A871-6CCA2F92C305}.Release|Any CPU.Build.0 = Release|Any CPU
		{10A8C9B9-57A9-4DC8-A439-A7851E785E9B}.Debug|Any CPU.ActiveCfg = Debug|Any CPU
		{10A8C9B9-57A9-4DC8-A439-A7851E785E9B}.Debug|Any CPU.Build.0 = Debug|Any CPU
		{10A8C9B9-57A9-4DC8-A439-A7851E785E9B}.Release|Any CPU.ActiveCfg = Release|Any CPU
		{10A8C9B9-57A9-4DC8-A439-A7851E785E9B}.Release|Any CPU.Build.0 = Release|Any CPU
		{2651EEF5-D5AE-437B-A6E1-715F02966DD8}.Debug|Any CPU.ActiveCfg = Debug|Any CPU
		{2651EEF5-D5AE-437B-A6E1-715F02966DD8}.Debug|Any CPU.Build.0 = Debug|Any CPU
		{2651EEF5-D5AE-437B-A6E1-715F02966DD8}.Release|Any CPU.ActiveCfg = Release|Any CPU
		{2651EEF5-D5AE-437B-A6E1-715F02966DD8}.Release|Any CPU.Build.0 = Release|Any CPU
	EndGlobalSection
	GlobalSection(SolutionProperties) = preSolution
		HideSolutionNode = FALSE
	EndGlobalSection
	GlobalSection(ExtensibilityGlobals) = postSolution
		SolutionGuid = {3C16DEDE-782F-4E1A-9941-F12E6F757B4D}
	EndGlobalSection
EndGlobal
